
Microsoft Visual Studio Solution File, Format Version 11.00
# Visual Studio 2010
Project("{8BC9CEB8-8B4A-11D0-8D11-00A0C91BC942}") = "Merge", "Merge\Merge.vcxproj", "{C1A977EA-9C74-4902-8524-DD47803082A0}"
EndProject
Global
	GlobalSection(SolutionConfigurationPlatforms) = preSolution
		Debug|Win32 = Debug|Win32
		Release|Win32 = Release|Win32
	EndGlobalSection
	GlobalSection(ProjectConfigurationPlatforms) = postSolution
		{C1A977EA-9C74-4902-8524-DD47803082A0}.Debug|Win32.ActiveCfg = Debug|Win32
		{C1A977EA-9C74-4902-8524-DD47803082A0}.Debug|Win32.Build.0 = Debug|Win32
		{C1A977EA-9C74-4902-8524-DD47803082A0}.Release|Win32.ActiveCfg = Release|Win32
		{C1A977EA-9C74-4902-8524-DD47803082A0}.Release|Win32.Build.0 = Release|Win32
	EndGlobalSection
	GlobalSection(SolutionProperties) = preSolution
		HideSolutionNode = FALSE
	EndGlobalSection
EndGlobal
