
Microsoft Visual Studio Solution File, Format Version 11.00
# Visual Studio 2010
Project("{8BC9CEB8-8B4A-11D0-8D11-00A0C91BC942}") = "ExtractXp3", "ExtractXp3\ExtractXp3.vcxproj", "{B799FE85-4ECB-41F8-B333-61D6552E6818}"
EndProject
Global
	GlobalSection(SolutionConfigurationPlatforms) = preSolution
		Debug|Win32 = Debug|Win32
		Release|Win32 = Release|Win32
	EndGlobalSection
	GlobalSection(ProjectConfigurationPlatforms) = postSolution
		{B799FE85-4ECB-41F8-B333-61D6552E6818}.Debug|Win32.ActiveCfg = Debug|Win32
		{B799FE85-4ECB-41F8-B333-61D6552E6818}.Debug|Win32.Build.0 = Debug|Win32
		{B799FE85-4ECB-41F8-B333-61D6552E6818}.Release|Win32.ActiveCfg = Release|Win32
		{B799FE85-4ECB-41F8-B333-61D6552E6818}.Release|Win32.Build.0 = Release|Win32
	EndGlobalSection
	GlobalSection(SolutionProperties) = preSolution
		HideSolutionNode = FALSE
	EndGlobalSection
EndGlobal
