
Microsoft Visual Studio Solution File, Format Version 11.00
# Visual Studio 2010
Project("{8BC9CEB8-8B4A-11D0-8D11-00A0C91BC942}") = "bin0", "bin0\bin0.vcxproj", "{3BE4AFDA-C862-44FC-8509-D1193E46CCD3}"
EndProject
Global
	GlobalSection(SolutionConfigurationPlatforms) = preSolution
		Debug|Win32 = Debug|Win32
		Release|Win32 = Release|Win32
	EndGlobalSection
	GlobalSection(ProjectConfigurationPlatforms) = postSolution
		{3BE4AFDA-C862-44FC-8509-D1193E46CCD3}.Debug|Win32.ActiveCfg = Debug|Win32
		{3BE4AFDA-C862-44FC-8509-D1193E46CCD3}.Debug|Win32.Build.0 = Debug|Win32
		{3BE4AFDA-C862-44FC-8509-D1193E46CCD3}.Release|Win32.ActiveCfg = Release|Win32
		{3BE4AFDA-C862-44FC-8509-D1193E46CCD3}.Release|Win32.Build.0 = Release|Win32
	EndGlobalSection
	GlobalSection(SolutionProperties) = preSolution
		HideSolutionNode = FALSE
	EndGlobalSection
EndGlobal
